
Microsoft Visual Studio Solution File, Format Version 12.00
# Visual Studio Version 17
VisualStudioVersion = 17.0.31912.275
MinimumVisualStudioVersion = 10.0.40219.1
Project("{FAE04EC0-301F-11D3-BF4B-00C04F79EFBC}") = "CoureWebAPI", "CoureWebAPI.csproj", "{0C4FA389-E64C-41A2-A2D5-F3576578CA48}"
EndProject
Project("{FAE04EC0-301F-11D3-BF4B-00C04F79EFBC}") = "CoureWebAPI.Data", "..\CoureWebAPI.Data\CoureWebAPI.Data.csproj", "{B3E54D13-4EAA-4D4D-8DEF-2EE66AF66177}"
EndProject
Project("{FAE04EC0-301F-11D3-BF4B-00C04F79EFBC}") = "CoureWebAPI.Core", "..\CoureWebAPI.Core\CoureWebAPI.Core.csproj", "{1BE56503-6C79-48FB-966E-56F94FE59B83}"
EndProject
Global
	GlobalSection(SolutionConfigurationPlatforms) = preSolution
		Debug|Any CPU = Debug|Any CPU
		Release|Any CPU = Release|Any CPU
	EndGlobalSection
	GlobalSection(ProjectConfigurationPlatforms) = postSolution
		{0C4FA389-E64C-41A2-A2D5-F3576578CA48}.Debug|Any CPU.ActiveCfg = Debug|Any CPU
		{0C4FA389-E64C-41A2-A2D5-F3576578CA48}.Debug|Any CPU.Build.0 = Debug|Any CPU
		{0C4FA389-E64C-41A2-A2D5-F3576578CA48}.Release|Any CPU.ActiveCfg = Release|Any CPU
		{0C4FA389-E64C-41A2-A2D5-F3576578CA48}.Release|Any CPU.Build.0 = Release|Any CPU
		{B3E54D13-4EAA-4D4D-8DEF-2EE66AF66177}.Debug|Any CPU.ActiveCfg = Debug|Any CPU
		{B3E54D13-4EAA-4D4D-8DEF-2EE66AF66177}.Debug|Any CPU.Build.0 = Debug|Any CPU
		{B3E54D13-4EAA-4D4D-8DEF-2EE66AF66177}.Release|Any CPU.ActiveCfg = Release|Any CPU
		{B3E54D13-4EAA-4D4D-8DEF-2EE66AF66177}.Release|Any CPU.Build.0 = Release|Any CPU
		{1BE56503-6C79-48FB-966E-56F94FE59B83}.Debug|Any CPU.ActiveCfg = Debug|Any CPU
		{1BE56503-6C79-48FB-966E-56F94FE59B83}.Debug|Any CPU.Build.0 = Debug|Any CPU
		{1BE56503-6C79-48FB-966E-56F94FE59B83}.Release|Any CPU.ActiveCfg = Release|Any CPU
		{1BE56503-6C79-48FB-966E-56F94FE59B83}.Release|Any CPU.Build.0 = Release|Any CPU
	EndGlobalSection
	GlobalSection(SolutionProperties) = preSolution
		HideSolutionNode = FALSE
	EndGlobalSection
	GlobalSection(ExtensibilityGlobals) = postSolution
		SolutionGuid = {39156026-CEC3-4F6A-968B-46B862917B65}
	EndGlobalSection
EndGlobal
